
Microsoft Visual Studio Solution File, Format Version 12.00
# Visual Studio 14
VisualStudioVersion = 14.0.25420.1
MinimumVisualStudioVersion = 10.0.40219.1
Project("{2150E333-8FDC-42A3-9474-1A3956D46DE8}") = "Solution Items", "Solution Items", "{5D98F6C4-4556-4B2E-88BC-C2AEF5A5A049}"
	ProjectSection(SolutionItems) = preProject
		appveyor.yml = appveyor.yml
		build.properties = build.properties
		CyNetTools.build = CyNetTools.build
		make.cmd = make.cmd
		README.md = README.md
	EndProjectSection
EndProject
Project("{FAE04EC0-301F-11D3-BF4B-00C04F79EFBC}") = "CyNetTools", "CyNetTools\CyNetTools.csproj", "{09ADD979-C2DB-4BBB-BA72-28E96BA09788}"
EndProject
Project("{FAE04EC0-301F-11D3-BF4B-00C04F79EFBC}") = "CyrusBuilt.CyNetTools.Core", "CyrusBuilt.CyNetTools.Core\CyrusBuilt.CyNetTools.Core.csproj", "{EF022A7C-8DBE-451D-9100-EDBACBB08125}"
EndProject
Project("{FAE04EC0-301F-11D3-BF4B-00C04F79EFBC}") = "CyrusBuilt.CyNetTools.Plugins", "CyrusBuilt.CyNetTools.Plugins\CyrusBuilt.CyNetTools.Plugins.csproj", "{FBECE950-D09B-4658-B289-5443C063C7F9}"
EndProject
Project("{7CF6DF6D-3B04-46F8-A40B-537D21BCA0B4}") = "CyrusBuilt.CyNetTools.Core API Doc", "CyrusBuilt.CyNetTools.Core API Doc\CyrusBuilt.CyNetTools.Core API Doc.shfbproj", "{59189821-68DF-447D-B807-AF9ED2269E40}"
	ProjectSection(ProjectDependencies) = postProject
		{EF022A7C-8DBE-451D-9100-EDBACBB08125} = {EF022A7C-8DBE-451D-9100-EDBACBB08125}
	EndProjectSection
EndProject
Project("{7CF6DF6D-3B04-46F8-A40B-537D21BCA0B4}") = "CyrusBuilt.CyNetTools.Plugins API Documentation", "CyrusBuilt.CyNetTools.Plugins API Documentation\CyrusBuilt.CyNetTools.Plugins API Documentation.shfbproj", "{C9277826-2446-4939-8C17-1E8ED65F23B9}"
	ProjectSection(ProjectDependencies) = postProject
		{FBECE950-D09B-4658-B289-5443C063C7F9} = {FBECE950-D09B-4658-B289-5443C063C7F9}
	EndProjectSection
EndProject
Project("{FAE04EC0-301F-11D3-BF4B-00C04F79EFBC}") = "CyrusBuilt.CyNetTools.Core.Tests", "CyrusBuilt.CyNetTools.Core.Tests\CyrusBuilt.CyNetTools.Core.Tests.csproj", "{580A5710-37C4-4C17-8C1B-82F36E0F17AA}"
EndProject
Project("{FAE04EC0-301F-11D3-BF4B-00C04F79EFBC}") = "CyrusBuilt.CyNetTools.Plugins.Tests", "CyrusBuilt.CyNetTools.Plugins.Tests\CyrusBuilt.CyNetTools.Plugins.Tests.csproj", "{3140C81D-E2DA-40C3-921C-B917B6125820}"
EndProject
Global
	GlobalSection(SolutionConfigurationPlatforms) = preSolution
		Debug|Any CPU = Debug|Any CPU
		Debug|Mixed Platforms = Debug|Mixed Platforms
		Debug|x86 = Debug|x86
		Release|Any CPU = Release|Any CPU
		Release|Mixed Platforms = Release|Mixed Platforms
		Release|x86 = Release|x86
	EndGlobalSection
	GlobalSection(ProjectConfigurationPlatforms) = postSolution
		{09ADD979-C2DB-4BBB-BA72-28E96BA09788}.Debug|Any CPU.ActiveCfg = Debug|x86
		{09ADD979-C2DB-4BBB-BA72-28E96BA09788}.Debug|Mixed Platforms.ActiveCfg = Debug|x86
		{09ADD979-C2DB-4BBB-BA72-28E96BA09788}.Debug|Mixed Platforms.Build.0 = Debug|x86
		{09ADD979-C2DB-4BBB-BA72-28E96BA09788}.Debug|x86.ActiveCfg = Debug|x86
		{09ADD979-C2DB-4BBB-BA72-28E96BA09788}.Debug|x86.Build.0 = Debug|x86
		{09ADD979-C2DB-4BBB-BA72-28E96BA09788}.Release|Any CPU.ActiveCfg = Release|x86
		{09ADD979-C2DB-4BBB-BA72-28E96BA09788}.Release|Mixed Platforms.ActiveCfg = Release|x86
		{09ADD979-C2DB-4BBB-BA72-28E96BA09788}.Release|Mixed Platforms.Build.0 = Release|x86
		{09ADD979-C2DB-4BBB-BA72-28E96BA09788}.Release|x86.ActiveCfg = Release|x86
		{09ADD979-C2DB-4BBB-BA72-28E96BA09788}.Release|x86.Build.0 = Release|x86
		{EF022A7C-8DBE-451D-9100-EDBACBB08125}.Debug|Any CPU.ActiveCfg = Debug|Any CPU
		{EF022A7C-8DBE-451D-9100-EDBACBB08125}.Debug|Any CPU.Build.0 = Debug|Any CPU
		{EF022A7C-8DBE-451D-9100-EDBACBB08125}.Debug|Mixed Platforms.ActiveCfg = Debug|Any CPU
		{EF022A7C-8DBE-451D-9100-EDBACBB08125}.Debug|Mixed Platforms.Build.0 = Debug|Any CPU
		{EF022A7C-8DBE-451D-9100-EDBACBB08125}.Debug|x86.ActiveCfg = Debug|Any CPU
		{EF022A7C-8DBE-451D-9100-EDBACBB08125}.Release|Any CPU.ActiveCfg = Release|Any CPU
		{EF022A7C-8DBE-451D-9100-EDBACBB08125}.Release|Any CPU.Build.0 = Release|Any CPU
		{EF022A7C-8DBE-451D-9100-EDBACBB08125}.Release|Mixed Platforms.ActiveCfg = Release|Any CPU
		{EF022A7C-8DBE-451D-9100-EDBACBB08125}.Release|Mixed Platforms.Build.0 = Release|Any CPU
		{EF022A7C-8DBE-451D-9100-EDBACBB08125}.Release|x86.ActiveCfg = Release|Any CPU
		{FBECE950-D09B-4658-B289-5443C063C7F9}.Debug|Any CPU.ActiveCfg = Debug|Any CPU
		{FBECE950-D09B-4658-B289-5443C063C7F9}.Debug|Any CPU.Build.0 = Debug|Any CPU
		{FBECE950-D09B-4658-B289-5443C063C7F9}.Debug|Mixed Platforms.ActiveCfg = Debug|Any CPU
		{FBECE950-D09B-4658-B289-5443C063C7F9}.Debug|Mixed Platforms.Build.0 = Debug|Any CPU
		{FBECE950-D09B-4658-B289-5443C063C7F9}.Debug|x86.ActiveCfg = Debug|Any CPU
		{FBECE950-D09B-4658-B289-5443C063C7F9}.Release|Any CPU.ActiveCfg = Release|Any CPU
		{FBECE950-D09B-4658-B289-5443C063C7F9}.Release|Any CPU.Build.0 = Release|Any CPU
		{FBECE950-D09B-4658-B289-5443C063C7F9}.Release|Mixed Platforms.ActiveCfg = Release|Any CPU
		{FBECE950-D09B-4658-B289-5443C063C7F9}.Release|Mixed Platforms.Build.0 = Release|Any CPU
		{FBECE950-D09B-4658-B289-5443C063C7F9}.Release|x86.ActiveCfg = Release|Any CPU
		{59189821-68DF-447D-B807-AF9ED2269E40}.Debug|Any CPU.ActiveCfg = Debug|Any CPU
		{59189821-68DF-447D-B807-AF9ED2269E40}.Debug|Any CPU.Build.0 = Debug|Any CPU
		{59189821-68DF-447D-B807-AF9ED2269E40}.Debug|Mixed Platforms.ActiveCfg = Debug|Any CPU
		{59189821-68DF-447D-B807-AF9ED2269E40}.Debug|x86.ActiveCfg = Debug|Any CPU
		{59189821-68DF-447D-B807-AF9ED2269E40}.Release|Any CPU.ActiveCfg = Release|Any CPU
		{59189821-68DF-447D-B807-AF9ED2269E40}.Release|Any CPU.Build.0 = Release|Any CPU
		{59189821-68DF-447D-B807-AF9ED2269E40}.Release|Mixed Platforms.ActiveCfg = Release|Any CPU
		{59189821-68DF-447D-B807-AF9ED2269E40}.Release|Mixed Platforms.Build.0 = Release|Any CPU
		{59189821-68DF-447D-B807-AF9ED2269E40}.Release|x86.ActiveCfg = Release|Any CPU
		{C9277826-2446-4939-8C17-1E8ED65F23B9}.Debug|Any CPU.ActiveCfg = Debug|Any CPU
		{C9277826-2446-4939-8C17-1E8ED65F23B9}.Debug|Any CPU.Build.0 = Debug|Any CPU
		{C9277826-2446-4939-8C17-1E8ED65F23B9}.Debug|Mixed Platforms.ActiveCfg = Debug|Any CPU
		{C9277826-2446-4939-8C17-1E8ED65F23B9}.Debug|x86.ActiveCfg = Debug|Any CPU
		{C9277826-2446-4939-8C17-1E8ED65F23B9}.Release|Any CPU.ActiveCfg = Release|Any CPU
		{C9277826-2446-4939-8C17-1E8ED65F23B9}.Release|Any CPU.Build.0 = Release|Any CPU
		{C9277826-2446-4939-8C17-1E8ED65F23B9}.Release|Mixed Platforms.ActiveCfg = Release|Any CPU
		{C9277826-2446-4939-8C17-1E8ED65F23B9}.Release|Mixed Platforms.Build.0 = Release|Any CPU
		{C9277826-2446-4939-8C17-1E8ED65F23B9}.Release|x86.ActiveCfg = Release|Any CPU
		{580A5710-37C4-4C17-8C1B-82F36E0F17AA}.Debug|Any CPU.ActiveCfg = Debug|Any CPU
		{580A5710-37C4-4C17-8C1B-82F36E0F17AA}.Debug|Any CPU.Build.0 = Debug|Any CPU
		{580A5710-37C4-4C17-8C1B-82F36E0F17AA}.Debug|Mixed Platforms.ActiveCfg = Debug|Any CPU
		{580A5710-37C4-4C17-8C1B-82F36E0F17AA}.Debug|Mixed Platforms.Build.0 = Debug|Any CPU
		{580A5710-37C4-4C17-8C1B-82F36E0F17AA}.Debug|x86.ActiveCfg = Debug|Any CPU
		{580A5710-37C4-4C17-8C1B-82F36E0F17AA}.Debug|x86.Build.0 = Debug|Any CPU
		{580A5710-37C4-4C17-8C1B-82F36E0F17AA}.Release|Any CPU.ActiveCfg = Release|Any CPU
		{580A5710-37C4-4C17-8C1B-82F36E0F17AA}.Release|Any CPU.Build.0 = Release|Any CPU
		{580A5710-37C4-4C17-8C1B-82F36E0F17AA}.Release|Mixed Platforms.ActiveCfg = Release|Any CPU
		{580A5710-37C4-4C17-8C1B-82F36E0F17AA}.Release|Mixed Platforms.Build.0 = Release|Any CPU
		{580A5710-37C4-4C17-8C1B-82F36E0F17AA}.Release|x86.ActiveCfg = Release|Any CPU
		{580A5710-37C4-4C17-8C1B-82F36E0F17AA}.Release|x86.Build.0 = Release|Any CPU
		{3140C81D-E2DA-40C3-921C-B917B6125820}.Debug|Any CPU.ActiveCfg = Debug|Any CPU
		{3140C81D-E2DA-40C3-921C-B917B6125820}.Debug|Any CPU.Build.0 = Debug|Any CPU
		{3140C81D-E2DA-40C3-921C-B917B6125820}.Debug|Mixed Platforms.ActiveCfg = Debug|Any CPU
		{3140C81D-E2DA-40C3-921C-B917B6125820}.Debug|Mixed Platforms.Build.0 = Debug|Any CPU
		{3140C81D-E2DA-40C3-921C-B917B6125820}.Debug|x86.ActiveCfg = Debug|Any CPU
		{3140C81D-E2DA-40C3-921C-B917B6125820}.Debug|x86.Build.0 = Debug|Any CPU
		{3140C81D-E2DA-40C3-921C-B917B6125820}.Release|Any CPU.ActiveCfg = Release|Any CPU
		{3140C81D-E2DA-40C3-921C-B917B6125820}.Release|Any CPU.Build.0 = Release|Any CPU
		{3140C81D-E2DA-40C3-921C-B917B6125820}.Release|Mixed Platforms.ActiveCfg = Release|Any CPU
		{3140C81D-E2DA-40C3-921C-B917B6125820}.Release|Mixed Platforms.Build.0 = Release|Any CPU
		{3140C81D-E2DA-40C3-921C-B917B6125820}.Release|x86.ActiveCfg = Release|Any CPU
		{3140C81D-E2DA-40C3-921C-B917B6125820}.Release|x86.Build.0 = Release|Any CPU
	EndGlobalSection
	GlobalSection(SolutionProperties) = preSolution
		HideSolutionNode = FALSE
	EndGlobalSection
EndGlobal
